# This file is generated by running "yarn install" inside your project.
# Manual changes might be lost - proceed with caution!

__metadata:
  version: 6
  cacheKey: 8

"@inquirer/ansi@npm:^1.0.2":
  version: 1.0.2
  resolution: "@inquirer/ansi@npm:1.0.2"
  checksum: d1496e573a63ee6752bcf3fc93375cdabc55b0d60f0588fe7902282c710b223252ad318ff600ee904e48555634663b53fda517f5b29ce9fbda90bfae18592fbc
  languageName: node
  linkType: hard

"@inquirer/checkbox@npm:^4.3.2":
  version: 4.3.2
  resolution: "@inquirer/checkbox@npm:4.3.2"
  dependencies:
    "@inquirer/ansi": ^1.0.2
    "@inquirer/core": ^10.3.2
    "@inquirer/figures": ^1.0.15
    "@inquirer/type": ^3.0.10
    yoctocolors-cjs: ^2.1.3
  peerDependencies:
    "@types/node": ">=18"
  peerDependenciesMeta:
    "@types/node":
      optional: true
  checksum: cc632a15a6bab120aecba9dfbdd80b2f6a20875cc6f145918adf5b7a4c77fd778eb6fc620157640992d1c09f70e265a75caf0beb8b4b605adb830d936cbb5287
  languageName: node
  linkType: hard

"@inquirer/confirm@npm:^5.1.21":
  version: 5.1.21
  resolution: "@inquirer/confirm@npm:5.1.21"
  dependencies:
    "@inquirer/core": ^10.3.2
    "@inquirer/type": ^3.0.10
  peerDependencies:
    "@types/node": ">=18"
  peerDependenciesMeta:
    "@types/node":
      optional: true
  checksum: a107aa0073965ea510affb9e5b55baf40333503d600970c458c07770cd4e0eee01efc4caba66f0409b0fadc9550d127329622efb543cffcabff3ad0e7f865372
  languageName: node
  linkType: hard

"@inquirer/core@npm:^10.3.2":
  version: 10.3.2
  resolution: "@inquirer/core@npm:10.3.2"
  dependencies:
    "@inquirer/ansi": ^1.0.2
    "@inquirer/figures": ^1.0.15
    "@inquirer/type": ^3.0.10
    cli-width: ^4.1.0
    mute-stream: ^2.0.0
    signal-exit: ^4.1.0
    wrap-ansi: ^6.2.0
    yoctocolors-cjs: ^2.1.3
  peerDependencies:
    "@types/node": ">=18"
  peerDependenciesMeta:
    "@types/node":
      optional: true
  checksum: ca820e798e02b1d4aff2ad4a8057739abf4140918592ff8ab179f774cdbe51916f24267631e86741a85a48cfa1a08666149785b5e2437ca4b18ef10938486017
  languageName: node
  linkType: hard

"@inquirer/editor@npm:^4.2.23":
  version: 4.2.23
  resolution: "@inquirer/editor@npm:4.2.23"
  dependencies:
    "@inquirer/core": ^10.3.2
    "@inquirer/external-editor": ^1.0.3
    "@inquirer/type": ^3.0.10
  peerDependencies:
    "@types/node": ">=18"
  peerDependenciesMeta:
    "@types/node":
      optional: true
  checksum: 1b533213f89feae3b1ef9fe2b6c2345de812a6b4196462555fcb8f657ee9383341a5ec71c4ea1c61c7ad39738f60622ccea496b29340aa16bd3821860c2b55c0
  languageName: node
  linkType: hard

"@inquirer/expand@npm:^4.0.23":
  version: 4.0.23
  resolution: "@inquirer/expand@npm:4.0.23"
  dependencies:
    "@inquirer/core": ^10.3.2
    "@inquirer/type": ^3.0.10
    yoctocolors-cjs: ^2.1.3
  peerDependencies:
    "@types/node": ">=18"
  peerDependenciesMeta:
    "@types/node":
      optional: true
  checksum: 73ad1d6376e5efe2a452c33494d6d16ee2670c638ae470a795fdff4acb59a8e032e38e141f87b603b6e96320977519b375dac6471d86d5e3087a9c1db40e3111
  languageName: node
  linkType: hard

"@inquirer/external-editor@npm:^1.0.3":
  version: 1.0.3
  resolution: "@inquirer/external-editor@npm:1.0.3"
  dependencies:
    chardet: ^2.1.1
    iconv-lite: ^0.7.0
  peerDependencies:
    "@types/node": ">=18"
  peerDependenciesMeta:
    "@types/node":
      optional: true
  checksum: 9bd7a05247a00408c194648c74046d8a212df1e6b9fe0879b945ebfc35c2524e995e43f7ecd83f14d0bd4e31f985d18819efc31c27810e2c2b838ded7261431f
  languageName: node
  linkType: hard

"@inquirer/figures@npm:^1.0.15":
  version: 1.0.15
  resolution: "@inquirer/figures@npm:1.0.15"
  checksum: bd87a578ab667236cb72bdbb900cb144017dbc306d60e9dc7e665cd7d6b3097e9464cb4d8fe215315083a7820530caf86d7af59e7c41a35a555fb22a881913ad
  languageName: node
  linkType: hard

"@inquirer/input@npm:^4.3.1":
  version: 4.3.1
  resolution: "@inquirer/input@npm:4.3.1"
  dependencies:
    "@inquirer/core": ^10.3.2
    "@inquirer/type": ^3.0.10
  peerDependencies:
    "@types/node": ">=18"
  peerDependenciesMeta:
    "@types/node":
      optional: true
  checksum: 41956840a8b2832db6557d14e80bff2c7baf733bbd6c583b5caf10dbe7f3a11578c1a5478d2fa82f38dd53c81277a0cfaa48e634288730540043d02c80ac4556
  languageName: node
  linkType: hard

"@inquirer/number@npm:^3.0.23":
  version: 3.0.23
  resolution: "@inquirer/number@npm:3.0.23"
  dependencies:
    "@inquirer/core": ^10.3.2
    "@inquirer/type": ^3.0.10
  peerDependencies:
    "@types/node": ">=18"
  peerDependenciesMeta:
    "@types/node":
      optional: true
  checksum: 747db315fce9a95495f50dad38efa7041112caf78bcdfaa62529063dd87b839446acdcf5c8fdf64fc55dd4f80919aa6196813c145ca8e05112723f0cf2312ef7
  languageName: node
  linkType: hard

"@inquirer/password@npm:^4.0.23":
  version: 4.0.23
  resolution: "@inquirer/password@npm:4.0.23"
  dependencies:
    "@inquirer/ansi": ^1.0.2
    "@inquirer/core": ^10.3.2
    "@inquirer/type": ^3.0.10
  peerDependencies:
    "@types/node": ">=18"
  peerDependenciesMeta:
    "@types/node":
      optional: true
  checksum: 97364970b01c85946a4a50ad876c53ef0c1857a9144e24fad65e5dfa4b4e5dd42564fbcdfa2b49bb049a25d127efbe0882cb18afcdd47b166ebd01c6c4b5e825
  languageName: node
  linkType: hard

"@inquirer/prompts@npm:^7.8.0":
  version: 7.10.1
  resolution: "@inquirer/prompts@npm:7.10.1"
  dependencies:
    "@inquirer/checkbox": ^4.3.2
    "@inquirer/confirm": ^5.1.21
    "@inquirer/editor": ^4.2.23
    "@inquirer/expand": ^4.0.23
    "@inquirer/input": ^4.3.1
    "@inquirer/number": ^3.0.23
    "@inquirer/password": ^4.0.23
    "@inquirer/rawlist": ^4.1.11
    "@inquirer/search": ^3.2.2
    "@inquirer/select": ^4.4.2
  peerDependencies:
    "@types/node": ">=18"
  peerDependenciesMeta:
    "@types/node":
      optional: true
  checksum: eaa59a36181406dce10270932c6c33b0e44c8e92ad2d401d1b80f15627a253f36fb9103f5628b86a46d3112c88bd5e24d0a6b38c3f4eb126cee79f9776049a7d
  languageName: node
  linkType: hard

"@inquirer/rawlist@npm:^4.1.11":
  version: 4.1.11
  resolution: "@inquirer/rawlist@npm:4.1.11"
  dependencies:
    "@inquirer/core": ^10.3.2
    "@inquirer/type": ^3.0.10
    yoctocolors-cjs: ^2.1.3
  peerDependencies:
    "@types/node": ">=18"
  peerDependenciesMeta:
    "@types/node":
      optional: true
  checksum: 0d8f6484cfc20749190e95eecfb2d034bafb3644ec4907b84b1673646f5dd71730e38e35565ea98dfd240d8851e3cff653edafcc4e0af617054b127b407e3229
  languageName: node
  linkType: hard

"@inquirer/search@npm:^3.2.2":
  version: 3.2.2
  resolution: "@inquirer/search@npm:3.2.2"
  dependencies:
    "@inquirer/core": ^10.3.2
    "@inquirer/figures": ^1.0.15
    "@inquirer/type": ^3.0.10
    yoctocolors-cjs: ^2.1.3
  peerDependencies:
    "@types/node": ">=18"
  peerDependenciesMeta:
    "@types/node":
      optional: true
  checksum: 8259262fdd6f438d73721197b0338bc3807c55ce4fb348949240a2ed650d86e58223c6d4869cbf326078711cf952b0e8babb9b328cb35b7058f72a4f1d1a4eee
  languageName: node
  linkType: hard

"@inquirer/select@npm:^4.4.2":
  version: 4.4.2
  resolution: "@inquirer/select@npm:4.4.2"
  dependencies:
    "@inquirer/ansi": ^1.0.2
    "@inquirer/core": ^10.3.2
    "@inquirer/figures": ^1.0.15
    "@inquirer/type": ^3.0.10
    yoctocolors-cjs: ^2.1.3
  peerDependencies:
    "@types/node": ">=18"
  peerDependenciesMeta:
    "@types/node":
      optional: true
  checksum: 645bb274d71a5a1a913efd4c742f9c76665c17f5cf6b04e0c08dcd925bc86fdbe0d42218b58211cfd6d3749a71020db0fa83257aa0afb7295f859ae2648a31c6
  languageName: node
  linkType: hard

"@inquirer/type@npm:^3.0.10":
  version: 3.0.10
  resolution: "@inquirer/type@npm:3.0.10"
  peerDependencies:
    "@types/node": ">=18"
  peerDependenciesMeta:
    "@types/node":
      optional: true
  checksum: 57d113a9db7abc73326491e29bedc88ef362e53779f9f58a1b61225e0be068ce0c54e33cd65f4a13ca46131676fb72c3ef488463c4c9af0aa89680684c55d74c
  languageName: node
  linkType: hard

"@sec-ant/readable-stream@npm:^0.4.1":
  version: 0.4.1
  resolution: "@sec-ant/readable-stream@npm:0.4.1"
  checksum: eb56f72a70995f725269f1c1c206d6dbeb090e88413b1302a456c600041175a7a484c2f0172454f7bed65a8ab95ffed7647d8ad03e6c23b1e3bbc9845f78cd17
  languageName: node
  linkType: hard

"@sindresorhus/merge-streams@npm:^4.0.0":
  version: 4.0.0
  resolution: "@sindresorhus/merge-streams@npm:4.0.0"
  checksum: 5759d31dfd822999bbe3ddcf72d4b15dc3d99ea51dd5b3210888f3348234eaff0f44bc999bef6b3c328daeb34e862a63b2c4abe5590acec541f93bc6fa016c9d
  languageName: node
  linkType: hard

"@touqeerraza/rn-publisher@workspace:.":
  version: 0.0.0-use.local
  resolution: "@touqeerraza/rn-publisher@workspace:."
  dependencies:
    "@inquirer/prompts": ^7.8.0
    "@types/node": ^24.3.0
    commander: ^14.0.0
    execa: ^9.6.0
    picocolors: ^1.1.1
    typescript: ^5.9.2
    zod: ^3.25.76
  bin:
    rn-publisher: ./dist/cli.js
  languageName: unknown
  linkType: soft

"@types/node@npm:^24.3.0":
  version: 24.13.3
  resolution: "@types/node@npm:24.13.3"
  dependencies:
    undici-types: ~7.18.0
  checksum: e3f2142e02dd7b44885bf16d5438e7d510c5917a272011ac594665fe38f453dea810cb4c8cd989d6cbaf769d46dbaf017eee4bdbf4246737f2b6c6774e093332
  languageName: node
  linkType: hard

"ansi-regex@npm:^5.0.1":
  version: 5.0.1
  resolution: "ansi-regex@npm:5.0.1"
  checksum: 2aa4bb54caf2d622f1afdad09441695af2a83aa3fe8b8afa581d205e57ed4261c183c4d3877cee25794443fde5876417d859c108078ab788d6af7e4fe52eb66b
  languageName: node
  linkType: hard

"ansi-styles@npm:^4.0.0":
  version: 4.3.0
  resolution: "ansi-styles@npm:4.3.0"
  dependencies:
    color-convert: ^2.0.1
  checksum: 513b44c3b2105dd14cc42a19271e80f386466c4be574bccf60b627432f9198571ebf4ab1e4c3ba17347658f4ee1711c163d574248c0c1cdc2d5917a0ad582ec4
  languageName: node
  linkType: hard

"chardet@npm:^2.1.1":
  version: 2.2.0
  resolution: "chardet@npm:2.2.0"
  checksum: da8220ab6440ec482b006849487c275fa51b9bd30ff18f805b3afb06f71b62f017270dba35209f4a5b235371747cec8cb32086874cc63e2d1012e8e2e222a6f9
  languageName: node
  linkType: hard

"cli-width@npm:^4.1.0":
  version: 4.1.0
  resolution: "cli-width@npm:4.1.0"
  checksum: 0a79cff2dbf89ef530bcd54c713703ba94461457b11e5634bd024c78796ed21401e32349c004995954e06f442d82609287e7aabf6a5f02c919a1cf3b9b6854ff
  languageName: node
  linkType: hard

"color-convert@npm:^2.0.1":
  version: 2.0.1
  resolution: "color-convert@npm:2.0.1"
  dependencies:
    color-name: ~1.1.4
  checksum: 79e6bdb9fd479a205c71d89574fccfb22bd9053bd98c6c4d870d65c132e5e904e6034978e55b43d69fcaa7433af2016ee203ce76eeba9cfa554b373e7f7db336
  languageName: node
  linkType: hard

"color-name@npm:~1.1.4":
  version: 1.1.4
  resolution: "color-name@npm:1.1.4"
  checksum: b0445859521eb4021cd0fb0cc1a75cecf67fceecae89b63f62b201cca8d345baf8b952c966862a9d9a2632987d4f6581f0ec8d957dfacece86f0a7919316f610
  languageName: node
  linkType: hard

"commander@npm:^14.0.0":
  version: 14.0.3
  resolution: "commander@npm:14.0.3"
  checksum: b8440159124aefbb02784a8996cd0481d8ce503d8d3cd413f4289d06db7e912c36b511277c2faba62f59152dd9ff79239d75e3b9400d9402851878994201d429
  languageName: node
  linkType: hard

"cross-spawn@npm:^7.0.6":
  version: 7.0.6
  resolution: "cross-spawn@npm:7.0.6"
  dependencies:
    path-key: ^3.1.0
    shebang-command: ^2.0.0
    which: ^2.0.1
  checksum: 8d306efacaf6f3f60e0224c287664093fa9185680b2d195852ba9a863f85d02dcc737094c6e512175f8ee0161f9b87c73c6826034c2422e39de7d6569cf4503b
  languageName: node
  linkType: hard

"emoji-regex@npm:^8.0.0":
  version: 8.0.0
  resolution: "emoji-regex@npm:8.0.0"
  checksum: d4c5c39d5a9868b5fa152f00cada8a936868fd3367f33f71be515ecee4c803132d11b31a6222b2571b1e5f7e13890156a94880345594d0ce7e3c9895f560f192
  languageName: node
  linkType: hard

"execa@npm:^9.6.0":
  version: 9.6.1
  resolution: "execa@npm:9.6.1"
  dependencies:
    "@sindresorhus/merge-streams": ^4.0.0
    cross-spawn: ^7.0.6
    figures: ^6.1.0
    get-stream: ^9.0.0
    human-signals: ^8.0.1
    is-plain-obj: ^4.1.0
    is-stream: ^4.0.1
    npm-run-path: ^6.0.0
    pretty-ms: ^9.2.0
    signal-exit: ^4.1.0
    strip-final-newline: ^4.0.0
    yoctocolors: ^2.1.1
  checksum: 22beaa34ffed9176e8b206f0fac69c87d69505ef40eee6dbfaca83bf29d773a5dfeebfc72bb7b2717bd75b85bb29266f24d718afca1dc5ac90167242e9802707
  languageName: node
  linkType: hard

"figures@npm:^6.1.0":
  version: 6.1.0
  resolution: "figures@npm:6.1.0"
  dependencies:
    is-unicode-supported: ^2.0.0
  checksum: 35c81239d4fa40b75c2c7c010833b0bc8861c27187e4c9388fca1d9731103ec9989b70ee3b664ef426ddd9abe02ec5f4fd973424aa8c6fd3ea5d3bf57a2d01b4
  languageName: node
  linkType: hard

"get-stream@npm:^9.0.0":
  version: 9.0.1
  resolution: "get-stream@npm:9.0.1"
  dependencies:
    "@sec-ant/readable-stream": ^0.4.1
    is-stream: ^4.0.1
  checksum: 631df71d7bd60a7f373094d3c352e2ce412b82d30b1b0ec562e5a4aced976173a4cc0dabef019050e1aceaffb1f0e086349ab3d14377b0b7280510bd75bd3e1e
  languageName: node
  linkType: hard

"human-signals@npm:^8.0.1":
  version: 8.0.1
  resolution: "human-signals@npm:8.0.1"
  checksum: 0065305f01ccbf3adb6f4240c8a5d8b5c0f516eb074dc862409f9e1058531c29768be154fcfaff919ac110b47cfb3628e62de10dc8c8ffb61daecb4f53e01137
  languageName: node
  linkType: hard

"iconv-lite@npm:^0.7.0":
  version: 0.7.3
  resolution: "iconv-lite@npm:0.7.3"
  dependencies:
    safer-buffer: ">= 2.1.2 < 3.0.0"
  checksum: 36b3dc2f5a25c2cac15f7df42a1f23e796f1616b2b4103b205a5c237d9b40483184a8c07bbc2d72b01ca28f4770506fad5a43203adae9c97a5d4733af684b6a8
  languageName: node
  linkType: hard

"is-fullwidth-code-point@npm:^3.0.0":
  version: 3.0.0
  resolution: "is-fullwidth-code-point@npm:3.0.0"
  checksum: 44a30c29457c7fb8f00297bce733f0a64cd22eca270f83e58c105e0d015e45c019491a4ab2faef91ab51d4738c670daff901c799f6a700e27f7314029e99e348
  languageName: node
  linkType: hard

"is-plain-obj@npm:^4.1.0":
  version: 4.1.0
  resolution: "is-plain-obj@npm:4.1.0"
  checksum: 6dc45da70d04a81f35c9310971e78a6a3c7a63547ef782e3a07ee3674695081b6ca4e977fbb8efc48dae3375e0b34558d2bcd722aec9bddfa2d7db5b041be8ce
  languageName: node
  linkType: hard

"is-stream@npm:^4.0.1":
  version: 4.0.1
  resolution: "is-stream@npm:4.0.1"
  checksum: cbea3f1fc271b21ceb228819d0c12a0965a02b57f39423925f99530b4eb86935235f258f06310b67cd02b2d10b49e9a0998f5ececf110ab7d3760bae4055ad23
  languageName: node
  linkType: hard

"is-unicode-supported@npm:^2.0.0":
  version: 2.1.0
  resolution: "is-unicode-supported@npm:2.1.0"
  checksum: f254e3da6b0ab1a57a94f7273a7798dd35d1d45b227759f600d0fa9d5649f9c07fa8d3c8a6360b0e376adf916d151ec24fc9a50c5295c58bae7ca54a76a063f9
  languageName: node
  linkType: hard

"isexe@npm:^2.0.0":
  version: 2.0.0
  resolution: "isexe@npm:2.0.0"
  checksum: 26bf6c5480dda5161c820c5b5c751ae1e766c587b1f951ea3fcfc973bafb7831ae5b54a31a69bd670220e42e99ec154475025a468eae58ea262f813fdc8d1c62
  languageName: node
  linkType: hard

"mute-stream@npm:^2.0.0":
  version: 2.0.0
  resolution: "mute-stream@npm:2.0.0"
  checksum: d2e4fd2f5aa342b89b98134a8d899d8ef9b0a6d69274c4af9df46faa2d97aeb1f2ce83d867880d6de63643c52386579b99139801e24e7526c3b9b0a6d1e18d6c
  languageName: node
  linkType: hard

"npm-run-path@npm:^6.0.0":
  version: 6.0.0
  resolution: "npm-run-path@npm:6.0.0"
  dependencies:
    path-key: ^4.0.0
    unicorn-magic: ^0.3.0
  checksum: 1a1b50aba6e6af7fd34a860ba2e252e245c4a59b316571a990356417c0cdf0414cabf735f7f52d9c330899cb56f0ab804a8e21fb12a66d53d7843e39ada4a3b6
  languageName: node
  linkType: hard

"parse-ms@npm:^4.0.0":
  version: 4.0.0
  resolution: "parse-ms@npm:4.0.0"
  checksum: 673c801d9f957ff79962d71ed5a24850163f4181a90dd30c4e3666b3a804f53b77f1f0556792e8b2adbb5d58757907d1aa51d7d7dc75997c2a56d72937cbc8b7
  languageName: node
  linkType: hard

"path-key@npm:^3.1.0":
  version: 3.1.1
  resolution: "path-key@npm:3.1.1"
  checksum: 55cd7a9dd4b343412a8386a743f9c746ef196e57c823d90ca3ab917f90ab9f13dd0ded27252ba49dbdfcab2b091d998bc446f6220cd3cea65db407502a740020
  languageName: node
  linkType: hard

"path-key@npm:^4.0.0":
  version: 4.0.0
  resolution: "path-key@npm:4.0.0"
  checksum: 8e6c314ae6d16b83e93032c61020129f6f4484590a777eed709c4a01b50e498822b00f76ceaf94bc64dbd90b327df56ceadce27da3d83393790f1219e07721d7
  languageName: node
  linkType: hard

"picocolors@npm:^1.1.1":
  version: 1.1.1
  resolution: "picocolors@npm:1.1.1"
  checksum: e1cf46bf84886c79055fdfa9dcb3e4711ad259949e3565154b004b260cd356c5d54b31a1437ce9782624bf766272fe6b0154f5f0c744fb7af5d454d2b60db045
  languageName: node
  linkType: hard

"pretty-ms@npm:^9.2.0":
  version: 9.3.1
  resolution: "pretty-ms@npm:9.3.1"
  dependencies:
    parse-ms: ^4.0.0
  checksum: 157e6ca8b594750807ee3cd0f9702cb334c60a410fb227e74ae25d6a03fba2f7d90c2669f3cde15cb2f26d9b3ebc6d664b2a404dd00d38013570a24e8e822abe
  languageName: node
  linkType: hard

"safer-buffer@npm:>= 2.1.2 < 3.0.0":
  version: 2.1.2
  resolution: "safer-buffer@npm:2.1.2"
  checksum: cab8f25ae6f1434abee8d80023d7e72b598cf1327164ddab31003c51215526801e40b66c5e65d658a0af1e9d6478cadcb4c745f4bd6751f97d8644786c0978b0
  languageName: node
  linkType: hard

"shebang-command@npm:^2.0.0":
  version: 2.0.0
  resolution: "shebang-command@npm:2.0.0"
  dependencies:
    shebang-regex: ^3.0.0
  checksum: 6b52fe87271c12968f6a054e60f6bde5f0f3d2db483a1e5c3e12d657c488a15474121a1d55cd958f6df026a54374ec38a4a963988c213b7570e1d51575cea7fa
  languageName: node
  linkType: hard

"shebang-regex@npm:^3.0.0":
  version: 3.0.0
  resolution: "shebang-regex@npm:3.0.0"
  checksum: 1a2bcae50de99034fcd92ad4212d8e01eedf52c7ec7830eedcf886622804fe36884278f2be8be0ea5fde3fd1c23911643a4e0f726c8685b61871c8908af01222
  languageName: node
  linkType: hard

"signal-exit@npm:^4.1.0":
  version: 4.1.0
  resolution: "signal-exit@npm:4.1.0"
  checksum: 64c757b498cb8629ffa5f75485340594d2f8189e9b08700e69199069c8e3070fb3e255f7ab873c05dc0b3cec412aea7402e10a5990cb6a050bd33ba062a6c549
  languageName: node
  linkType: hard

"string-width@npm:^4.1.0":
  version: 4.2.3
  resolution: "string-width@npm:4.2.3"
  dependencies:
    emoji-regex: ^8.0.0
    is-fullwidth-code-point: ^3.0.0
    strip-ansi: ^6.0.1
  checksum: e52c10dc3fbfcd6c3a15f159f54a90024241d0f149cf8aed2982a2d801d2e64df0bf1dc351cf8e95c3319323f9f220c16e740b06faecd53e2462df1d2b5443fb
  languageName: node
  linkType: hard

"strip-ansi@npm:^6.0.0, strip-ansi@npm:^6.0.1":
  version: 6.0.1
  resolution: "strip-ansi@npm:6.0.1"
  dependencies:
    ansi-regex: ^5.0.1
  checksum: f3cd25890aef3ba6e1a74e20896c21a46f482e93df4a06567cebf2b57edabb15133f1f94e57434e0a958d61186087b1008e89c94875d019910a213181a14fc8c
  languageName: node
  linkType: hard

"strip-final-newline@npm:^4.0.0":
  version: 4.0.0
  resolution: "strip-final-newline@npm:4.0.0"
  checksum: b5fe48f695d74863153a3b3155220e6e9bf51f4447832998c8edec38e6559b3af87a9fe5ac0df95570a78a26f5fa91701358842eab3c15480e27980b154a145f
  languageName: node
  linkType: hard

"typescript@npm:^5.9.2":
  version: 5.9.3
  resolution: "typescript@npm:5.9.3"
  bin:
    tsc: bin/tsc
    tsserver: bin/tsserver
  checksum: 0d0ffb84f2cd072c3e164c79a2e5a1a1f4f168e84cb2882ff8967b92afe1def6c2a91f6838fb58b168428f9458c57a2ba06a6737711fdd87a256bbe83e9a217f
  languageName: node
  linkType: hard

"typescript@patch:typescript@^5.9.2#~builtin<compat/typescript>":
  version: 5.9.3
  resolution: "typescript@patch:typescript@npm%3A5.9.3#~builtin<compat/typescript>::version=5.9.3&hash=29ae49"
  bin:
    tsc: bin/tsc
    tsserver: bin/tsserver
  checksum: 8bb8d86819ac86a498eada254cad7fb69c5f74778506c700c2a712daeaff21d3a6f51fd0d534fe16903cb010d1b74f89437a3d02d4d0ff5ca2ba9a4660de8497
  languageName: node
  linkType: hard

"undici-types@npm:~7.18.0":
  version: 7.18.2
  resolution: "undici-types@npm:7.18.2"
  checksum: 23da306c8366574adec305b06a8519ab5c7d09e3f5d16c1a98709a34fae17da09ec95198f30f86c00055e02efa8bfcc843e84e8aebeb9b8d6bb3e06afccae07a
  languageName: node
  linkType: hard

"unicorn-magic@npm:^0.3.0":
  version: 0.3.0
  resolution: "unicorn-magic@npm:0.3.0"
  checksum: bdd7d7c522f9456f32a0b77af23f8854f9a7db846088c3868ec213f9550683ab6a2bdf3803577eacbafddb4e06900974385841ccb75338d17346ccef45f9cb01
  languageName: node
  linkType: hard

"which@npm:^2.0.1":
  version: 2.0.2
  resolution: "which@npm:2.0.2"
  dependencies:
    isexe: ^2.0.0
  bin:
    node-which: ./bin/node-which
  checksum: 1a5c563d3c1b52d5f893c8b61afe11abc3bab4afac492e8da5bde69d550de701cf9806235f20a47b5c8fa8a1d6a9135841de2596535e998027a54589000e66d1
  languageName: node
  linkType: hard

"wrap-ansi@npm:^6.2.0":
  version: 6.2.0
  resolution: "wrap-ansi@npm:6.2.0"
  dependencies:
    ansi-styles: ^4.0.0
    string-width: ^4.1.0
    strip-ansi: ^6.0.0
  checksum: 6cd96a410161ff617b63581a08376f0cb9162375adeb7956e10c8cd397821f7eb2a6de24eb22a0b28401300bf228c86e50617cd568209b5f6775b93c97d2fe3a
  languageName: node
  linkType: hard

"yoctocolors-cjs@npm:^2.1.3":
  version: 2.1.3
  resolution: "yoctocolors-cjs@npm:2.1.3"
  checksum: 207df586996c3b604fa85903f81cc54676f1f372613a0c7247f0d24b1ca781905685075d06955211c4d5d4f629d7d5628464f8af0a42d286b7a8ff88e9dadcb8
  languageName: node
  linkType: hard

"yoctocolors@npm:^2.1.1":
  version: 2.2.0
  resolution: "yoctocolors@npm:2.2.0"
  checksum: b19682ac2618bf404c260ea2b0201dee418d9f467194c2ea8fd538a7e7b4fef3d308968e6ff06975b84580448093f99fdfab0fedab95101bad85f752d1daa199
  languageName: node
  linkType: hard

"zod@npm:^3.25.76":
  version: 3.25.76
  resolution: "zod@npm:3.25.76"
  checksum: c9a403a62b329188a5f6bd24d5d935d2bba345f7ab8151d1baa1505b5da9f227fb139354b043711490c798e91f3df75991395e40142e6510a4b16409f302b849
  languageName: node
  linkType: hard
